<?xml version="1.0" encoding="UTF-8"?>
<Scheme
   version = "1.3">
   <BuildAction>
      <BuildActionEntries>
         <BuildActionEntry
            buildForRunning = "YES">
            <BuildableReference
               BuildableIdentifier = "primary"
               BlueprintIdentifier = "E3BA4FE6254556110041CD32"
               BuildableName = "meetlocalsviper.app"
               BlueprintName = "meetlocalsviper"
               ReferencedContainer = "container:meetlocalsviper.xcodeproj">
            </BuildableReference>
         </BuildActionEntry>
      </BuildActionEntries>
   </BuildAction>
   <LaunchAction
      useCustomWorkingDirectory = "NO"
      buildConfiguration = "Debug"
      allowLocationSimulation = "YES">
      <BuildableProductRunnable>
         <BuildableReference
            BuildableIdentifier = "primary"
            BlueprintIdentifier = "E3BA4FE6254556110041CD32"
            BuildableName = "meetlocalsviper.app"
            BlueprintName = "meetlocalsviper"
            ReferencedContainer = "container:meetlocalsviper.xcodeproj">
         </BuildableReference>
      </BuildableProductRunnable>
   </LaunchAction>
</Scheme>
