// !$*UTF8*$!
{
	archiveVersion = 1;
	classes = {
	};
	objectVersion = 46;
	objects = {

/* Begin PBXBuildFile section */
		A8E3A7D0A03D51B3039D8423 /* Pods_meetlocals.framework in Frameworks */ = {isa = PBXBuildFile; fileRef = D59FB10D7476C420CBD55D00 /* Pods_meetlocals.framework */; };
		B02DD0084ED673BA21A84EC4 /* Preview Assets.xcassets in Resources */ = {isa = PBXBuildFile; fileRef = B02DD3E3733E227E0CF4BE21 /* Preview Assets.xcassets */; };
		B02DD8BE1D9BC1262548235B /* AppDelegate.swift in Sources */ = {isa = PBXBuildFile; fileRef = B02DD4BA34ABB235BAA766A4 /* AppDelegate.swift */; };
		B02DD90A7D745C329B663E78 /* Assets.xcassets in Resources */ = {isa = PBXBuildFile; fileRef = B02DDCF3F744873D79528951 /* Assets.xcassets */; };
		B02DDFD797B553BC13995E51 /* LaunchScreen.storyboard in Resources */ = {isa = PBXBuildFile; fileRef = B02DD102639215962BD46FFC /* LaunchScreen.storyboard */; };
		C2A4F0C536DB1DB98D45F178 /* Converter.swift in Sources */ = {isa = PBXBuildFile; fileRef = C2A4F5105AFFD5FE1E7C214E /* Converter.swift */; };
		C2A4F0FAD07DBCD05DFBE607 /* JsonUserArrayConverter.swift in Sources */ = {isa = PBXBuildFile; fileRef = C2A4F7AE5BD09B16830B582C /* JsonUserArrayConverter.swift */; };
		C2A4F30101C0DD4D20F88FA5 /* VkUiDelegate.swift in Sources */ = {isa = PBXBuildFile; fileRef = C2A4FD7AF8DC81A7A6723AC5 /* VkUiDelegate.swift */; };
		C2A4F331ABB68926A49B4D23 /* UserStringArrayCreator.swift in Sources */ = {isa = PBXBuildFile; fileRef = C2A4F6233B316CDCE3412585 /* UserStringArrayCreator.swift */; };
		C2A4F412F7B8837845D4BCF0 /* VkDelegate.swift in Sources */ = {isa = PBXBuildFile; fileRef = C2A4F51DF668732A1DADAB5A /* VkDelegate.swift */; };
		C2A4F53BBA63FCD49792B004 /* VkDelegateImpl.swift in Sources */ = {isa = PBXBuildFile; fileRef = C2A4F76200267A64C185BF8E /* VkDelegateImpl.swift */; };
		C2A4FAA04918454F915F7B91 /* JsonConverterFactory.swift in Sources */ = {isa = PBXBuildFile; fileRef = C2A4F3404249511A7E162C19 /* JsonConverterFactory.swift */; };
		C2A4FB217ADCC5A98ECE11F1 /* Repository.swift in Sources */ = {isa = PBXBuildFile; fileRef = C2A4FF7B82E5FB57EEA2CB2B /* Repository.swift */; };
		C2A4FB65AD870E89F0E37D4B /* NetError.swift in Sources */ = {isa = PBXBuildFile; fileRef = C2A4F43E9153ECE4DD515B75 /* NetError.swift */; };
		C2A4FCD06CB31F43EAB9E6CD /* InteractorImpl.swift in Sources */ = {isa = PBXBuildFile; fileRef = C2A4F6AE3AC8050880A20708 /* InteractorImpl.swift */; };
		C2A4FD8512A98063156B88F5 /* ConvertationError.swift in Sources */ = {isa = PBXBuildFile; fileRef = C2A4F6E6D26B2FDAE15BE5D8 /* ConvertationError.swift */; };
		C2A4FD90261888A8722F5D72 /* ConverterFactory.swift in Sources */ = {isa = PBXBuildFile; fileRef = C2A4F5EB810160E4E90378C7 /* ConverterFactory.swift */; };
		C2A4FE07976A392342C2E003 /* VkInfo.swift in Sources */ = {isa = PBXBuildFile; fileRef = C2A4F4CBC499E78C7BC050F4 /* VkInfo.swift */; };
		C2A4FE496ACB21F1A99CDC8F /* Interactor.swift in Sources */ = {isa = PBXBuildFile; fileRef = C2A4F42526DC0B4EF836DCBD /* Interactor.swift */; };
		C2A4FEE9E73F260B0BAD64FD /* ConverterResolver.swift in Sources */ = {isa = PBXBuildFile; fileRef = C2A4FBC688877C4C69F756F1 /* ConverterResolver.swift */; };
/* End PBXBuildFile section */

/* Begin PBXFileReference section */
		B02DD3E3733E227E0CF4BE21 /* Preview Assets.xcassets */ = {isa = PBXFileReference; lastKnownFileType = folder.assetcatalog; path = "Preview Assets.xcassets"; sourceTree = "<group>"; };
		B02DD4BA34ABB235BAA766A4 /* AppDelegate.swift */ = {isa = PBXFileReference; lastKnownFileType = sourcecode.swift; path = AppDelegate.swift; sourceTree = "<group>"; };
		B02DD82C1D788ACDE510DDB7 /* Base */ = {isa = PBXFileReference; lastKnownFileType = file.storyboard; name = Base; path = Base.lproj/LaunchScreen.storyboard; sourceTree = "<group>"; };
		B02DDC5443CF873D3E031A58 /* Info.plist */ = {isa = PBXFileReference; lastKnownFileType = text.plist.info; path = Info.plist; sourceTree = "<group>"; };
		B02DDCF3F744873D79528951 /* Assets.xcassets */ = {isa = PBXFileReference; lastKnownFileType = folder.assetcatalog; path = Assets.xcassets; sourceTree = "<group>"; };
		B02DDE7AFAF179680182E668 /* meetlocals.app */ = {isa = PBXFileReference; explicitFileType = wrapper.application; includeInIndex = 0; path = meetlocals.app; sourceTree = BUILT_PRODUCTS_DIR; };
		C2A4F3404249511A7E162C19 /* JsonConverterFactory.swift */ = {isa = PBXFileReference; fileEncoding = 4; lastKnownFileType = sourcecode.swift; name = JsonConverterFactory.swift; path = Network/Converter/Factory/JsonConverterFactory.swift; sourceTree = "<group>"; };
		C2A4F42526DC0B4EF836DCBD /* Interactor.swift */ = {isa = PBXFileReference; fileEncoding = 4; lastKnownFileType = sourcecode.swift; name = Interactor.swift; path = Network/Interactor/Interactor.swift; sourceTree = "<group>"; };
		C2A4F43E9153ECE4DD515B75 /* NetError.swift */ = {isa = PBXFileReference; fileEncoding = 4; lastKnownFileType = sourcecode.swift; name = NetError.swift; path = Network/Error/NetError.swift; sourceTree = "<group>"; };
		C2A4F4CBC499E78C7BC050F4 /* VkInfo.swift */ = {isa = PBXFileReference; fileEncoding = 4; lastKnownFileType = sourcecode.swift; path = VkInfo.swift; sourceTree = "<group>"; };
		C2A4F5105AFFD5FE1E7C214E /* Converter.swift */ = {isa = PBXFileReference; fileEncoding = 4; lastKnownFileType = sourcecode.swift; name = Converter.swift; path = Network/Converter/Common/Converter.swift; sourceTree = "<group>"; };
		C2A4F51DF668732A1DADAB5A /* VkDelegate.swift */ = {isa = PBXFileReference; fileEncoding = 4; lastKnownFileType = sourcecode.swift; path = VkDelegate.swift; sourceTree = "<group>"; };
		C2A4F5EB810160E4E90378C7 /* ConverterFactory.swift */ = {isa = PBXFileReference; fileEncoding = 4; lastKnownFileType = sourcecode.swift; name = ConverterFactory.swift; path = Network/Converter/Common/ConverterFactory.swift; sourceTree = "<group>"; };
		C2A4F6233B316CDCE3412585 /* UserStringArrayCreator.swift */ = {isa = PBXFileReference; fileEncoding = 4; lastKnownFileType = sourcecode.swift; name = UserStringArrayCreator.swift; path = Network/Converter/ArrayCreator/UserStringArrayCreator.swift; sourceTree = "<group>"; };
		C2A4F6AE3AC8050880A20708 /* InteractorImpl.swift */ = {isa = PBXFileReference; fileEncoding = 4; lastKnownFileType = sourcecode.swift; name = InteractorImpl.swift; path = Network/Interactor/InteractorImpl.swift; sourceTree = "<group>"; };
		C2A4F6E6D26B2FDAE15BE5D8 /* ConvertationError.swift */ = {isa = PBXFileReference; fileEncoding = 4; lastKnownFileType = sourcecode.swift; name = ConvertationError.swift; path = Network/Converter/Common/ConvertationError.swift; sourceTree = "<group>"; };
		C2A4F76200267A64C185BF8E /* VkDelegateImpl.swift */ = {isa = PBXFileReference; fileEncoding = 4; lastKnownFileType = sourcecode.swift; path = VkDelegateImpl.swift; sourceTree = "<group>"; };
		C2A4F7AE5BD09B16830B582C /* JsonUserArrayConverter.swift */ = {isa = PBXFileReference; fileEncoding = 4; lastKnownFileType = sourcecode.swift; name = JsonUserArrayConverter.swift; path = Network/Converter/JsonUserArrayConverter.swift; sourceTree = "<group>"; };
		C2A4FBC688877C4C69F756F1 /* ConverterResolver.swift */ = {isa = PBXFileReference; fileEncoding = 4; lastKnownFileType = sourcecode.swift; name = ConverterResolver.swift; path = Network/Converter/Common/ConverterResolver.swift; sourceTree = "<group>"; };
		C2A4FD7AF8DC81A7A6723AC5 /* VkUiDelegate.swift */ = {isa = PBXFileReference; fileEncoding = 4; lastKnownFileType = sourcecode.swift; path = VkUiDelegate.swift; sourceTree = "<group>"; };
		C2A4FF7B82E5FB57EEA2CB2B /* Repository.swift */ = {isa = PBXFileReference; fileEncoding = 4; lastKnownFileType = sourcecode.swift; name = Repository.swift; path = Network/Repository/Repository.swift; sourceTree = "<group>"; };
		C58B43E698F5BA7B12B4953C /* Pods-meetlocals.debug.xcconfig */ = {isa = PBXFileReference; includeInIndex = 1; lastKnownFileType = text.xcconfig; name = "Pods-meetlocals.debug.xcconfig"; path = "Target Support Files/Pods-meetlocals/Pods-meetlocals.debug.xcconfig"; sourceTree = "<group>"; };
		CB2FD77860EB19CDDFC55C77 /* Pods-meetlocals.release.xcconfig */ = {isa = PBXFileReference; includeInIndex = 1; lastKnownFileType = text.xcconfig; name = "Pods-meetlocals.release.xcconfig"; path = "Target Support Files/Pods-meetlocals/Pods-meetlocals.release.xcconfig"; sourceTree = "<group>"; };
		D59FB10D7476C420CBD55D00 /* Pods_meetlocals.framework */ = {isa = PBXFileReference; explicitFileType = wrapper.framework; includeInIndex = 0; path = Pods_meetlocals.framework; sourceTree = BUILT_PRODUCTS_DIR; };
/* End PBXFileReference section */

/* Begin PBXFrameworksBuildPhase section */
		B02DDA0D67DC0ECC62CE3D8C /* Frameworks */ = {
			isa = PBXFrameworksBuildPhase;
			buildActionMask = 2147483647;
			files = (
				A8E3A7D0A03D51B3039D8423 /* Pods_meetlocals.framework in Frameworks */,
			);
			runOnlyForDeploymentPostprocessing = 0;
		};
/* End PBXFrameworksBuildPhase section */

/* Begin PBXGroup section */
		978D901214666F54B2F5964F /* Pods */ = {
			isa = PBXGroup;
			children = (
				C58B43E698F5BA7B12B4953C /* Pods-meetlocals.debug.xcconfig */,
				CB2FD77860EB19CDDFC55C77 /* Pods-meetlocals.release.xcconfig */,
			);
			path = Pods;
			sourceTree = "<group>";
		};
		B02DD58C096B377AE90626A8 /* Preview Content */ = {
			isa = PBXGroup;
			children = (
				B02DD3E3733E227E0CF4BE21 /* Preview Assets.xcassets */,
			);
			path = "Preview Content";
			sourceTree = "<group>";
		};
		B02DD819C0EB43716D7AB164 /* Products */ = {
			isa = PBXGroup;
			children = (
				B02DDE7AFAF179680182E668 /* meetlocals.app */,
			);
			name = Products;
			sourceTree = "<group>";
		};
		B02DD97580F41A98612CF1AF = {
			isa = PBXGroup;
			children = (
				B02DD819C0EB43716D7AB164 /* Products */,
				B02DDD2E91F8FC11DDB3AF1D /* meetlocals */,
				978D901214666F54B2F5964F /* Pods */,
				ED0FADE70DC7D79824F03FBC /* Frameworks */,
			);
			sourceTree = "<group>";
		};
		B02DDD2E91F8FC11DDB3AF1D /* meetlocals */ = {
			isa = PBXGroup;
			children = (
				B02DDC5443CF873D3E031A58 /* Info.plist */,
				B02DDCF3F744873D79528951 /* Assets.xcassets */,
				B02DD4BA34ABB235BAA766A4 /* AppDelegate.swift */,
				B02DD102639215962BD46FFC /* LaunchScreen.storyboard */,
				B02DD58C096B377AE90626A8 /* Preview Content */,
				C2A4FD946326C40AAC9893B2 /* Authorize */,
				C2A4F42526DC0B4EF836DCBD /* Interactor.swift */,
				C2A4F6AE3AC8050880A20708 /* InteractorImpl.swift */,
				C2A4FF7B82E5FB57EEA2CB2B /* Repository.swift */,
				C2A4F43E9153ECE4DD515B75 /* NetError.swift */,
				C2A4F7AE5BD09B16830B582C /* JsonUserArrayConverter.swift */,
				C2A4F6233B316CDCE3412585 /* UserStringArrayCreator.swift */,
				C2A4F5105AFFD5FE1E7C214E /* Converter.swift */,
				C2A4F5EB810160E4E90378C7 /* ConverterFactory.swift */,
				C2A4FBC688877C4C69F756F1 /* ConverterResolver.swift */,
				C2A4F6E6D26B2FDAE15BE5D8 /* ConvertationError.swift */,
				C2A4F3404249511A7E162C19 /* JsonConverterFactory.swift */,
			);
			path = meetlocals;
			sourceTree = "<group>";
		};
		C2A4FD946326C40AAC9893B2 /* Authorize */ = {
			isa = PBXGroup;
			children = (
				C2A4F4CBC499E78C7BC050F4 /* VkInfo.swift */,
				C2A4F76200267A64C185BF8E /* VkDelegateImpl.swift */,
				C2A4FD7AF8DC81A7A6723AC5 /* VkUiDelegate.swift */,
				C2A4F51DF668732A1DADAB5A /* VkDelegate.swift */,
			);
			path = Authorize;
			sourceTree = "<group>";
		};
		ED0FADE70DC7D79824F03FBC /* Frameworks */ = {
			isa = PBXGroup;
			children = (
				D59FB10D7476C420CBD55D00 /* Pods_meetlocals.framework */,
			);
			name = Frameworks;
			sourceTree = "<group>";
		};
/* End PBXGroup section */

/* Begin PBXNativeTarget section */
		B02DD2180AEE55B6D35571D3 /* meetlocals */ = {
			isa = PBXNativeTarget;
			buildConfigurationList = B02DD7E2F7777F9CF9A97010 /* Build configuration list for PBXNativeTarget "meetlocals" */;
			buildPhases = (
				A810223BA7DC0C7C92AEF4D2 /* [CP] Check Pods Manifest.lock */,
				B02DDACEAEB6B201BE7689FE /* Sources */,
				B02DDA0D67DC0ECC62CE3D8C /* Frameworks */,
				B02DD7B723A1B40F426D084F /* Resources */,
				37A4E8EA64B4A49C1CD66012 /* [CP] Embed Pods Frameworks */,
			);
			buildRules = (
			);
			dependencies = (
			);
			name = meetlocals;
			productName = meetlocals;
			productReference = B02DDE7AFAF179680182E668 /* meetlocals.app */;
			productType = "com.apple.product-type.application";
		};
/* End PBXNativeTarget section */

/* Begin PBXProject section */
		B02DDE810373A58960ACE233 /* Project object */ = {
			isa = PBXProject;
			attributes = {
			};
			buildConfigurationList = B02DDB14A2B5E87D1D624AF4 /* Build configuration list for PBXProject "meetlocals" */;
			compatibilityVersion = "Xcode 3.2";
			developmentRegion = English;
			hasScannedForEncodings = 0;
			knownRegions = (
				English,
				en,
				Base,
			);
			mainGroup = B02DD97580F41A98612CF1AF;
			productRefGroup = B02DD819C0EB43716D7AB164 /* Products */;
			projectDirPath = "";
			projectRoot = "";
			targets = (
				B02DD2180AEE55B6D35571D3 /* meetlocals */,
			);
		};
/* End PBXProject section */

/* Begin PBXResourcesBuildPhase section */
		B02DD7B723A1B40F426D084F /* Resources */ = {
			isa = PBXResourcesBuildPhase;
			buildActionMask = 2147483647;
			files = (
				B02DD90A7D745C329B663E78 /* Assets.xcassets in Resources */,
				B02DDFD797B553BC13995E51 /* LaunchScreen.storyboard in Resources */,
				B02DD0084ED673BA21A84EC4 /* Preview Assets.xcassets in Resources */,
			);
			runOnlyForDeploymentPostprocessing = 0;
		};
/* End PBXResourcesBuildPhase section */

/* Begin PBXShellScriptBuildPhase section */
		37A4E8EA64B4A49C1CD66012 /* [CP] Embed Pods Frameworks */ = {
			isa = PBXShellScriptBuildPhase;
			buildActionMask = 2147483647;
			files = (
			);
			inputPaths = (
				"${PODS_ROOT}/Target Support Files/Pods-meetlocals/Pods-meetlocals-frameworks.sh",
				"${BUILT_PRODUCTS_DIR}/RxCocoa/RxCocoa.framework",
				"${BUILT_PRODUCTS_DIR}/RxRelay/RxRelay.framework",
				"${BUILT_PRODUCTS_DIR}/RxSwift/RxSwift.framework",
				"${BUILT_PRODUCTS_DIR}/VK-ios-sdk/VK_ios_sdk.framework",
			);
			name = "[CP] Embed Pods Frameworks";
			outputPaths = (
				"${TARGET_BUILD_DIR}/${FRAMEWORKS_FOLDER_PATH}/RxCocoa.framework",
				"${TARGET_BUILD_DIR}/${FRAMEWORKS_FOLDER_PATH}/RxRelay.framework",
				"${TARGET_BUILD_DIR}/${FRAMEWORKS_FOLDER_PATH}/RxSwift.framework",
				"${TARGET_BUILD_DIR}/${FRAMEWORKS_FOLDER_PATH}/VK_ios_sdk.framework",
			);
			runOnlyForDeploymentPostprocessing = 0;
			shellPath = /bin/sh;
			shellScript = "\"${PODS_ROOT}/Target Support Files/Pods-meetlocals/Pods-meetlocals-frameworks.sh\"\n";
			showEnvVarsInLog = 0;
		};
		A810223BA7DC0C7C92AEF4D2 /* [CP] Check Pods Manifest.lock */ = {
			isa = PBXShellScriptBuildPhase;
			buildActionMask = 2147483647;
			files = (
			);
			inputFileListPaths = (
			);
			inputPaths = (
				"${PODS_PODFILE_DIR_PATH}/Podfile.lock",
				"${PODS_ROOT}/Manifest.lock",
			);
			name = "[CP] Check Pods Manifest.lock";
			outputFileListPaths = (
			);
			outputPaths = (
				"$(DERIVED_FILE_DIR)/Pods-meetlocals-checkManifestLockResult.txt",
			);
			runOnlyForDeploymentPostprocessing = 0;
			shellPath = /bin/sh;
			shellScript = "diff \"${PODS_PODFILE_DIR_PATH}/Podfile.lock\" \"${PODS_ROOT}/Manifest.lock\" > /dev/null\nif [ $? != 0 ] ; then\n    # print error to STDERR\n    echo \"error: The sandbox is not in sync with the Podfile.lock. Run 'pod install' or update your CocoaPods installation.\" >&2\n    exit 1\nfi\n# This output is used by Xcode 'outputs' to avoid re-running this script phase.\necho \"SUCCESS\" > \"${SCRIPT_OUTPUT_FILE_0}\"\n";
			showEnvVarsInLog = 0;
		};
/* End PBXShellScriptBuildPhase section */

/* Begin PBXSourcesBuildPhase section */
		B02DDACEAEB6B201BE7689FE /* Sources */ = {
			isa = PBXSourcesBuildPhase;
			buildActionMask = 2147483647;
			files = (
				B02DD8BE1D9BC1262548235B /* AppDelegate.swift in Sources */,
				C2A4FE07976A392342C2E003 /* VkInfo.swift in Sources */,
				C2A4F53BBA63FCD49792B004 /* VkDelegateImpl.swift in Sources */,
				C2A4F30101C0DD4D20F88FA5 /* VkUiDelegate.swift in Sources */,
				C2A4F412F7B8837845D4BCF0 /* VkDelegate.swift in Sources */,
				C2A4FE496ACB21F1A99CDC8F /* Interactor.swift in Sources */,
				C2A4FCD06CB31F43EAB9E6CD /* InteractorImpl.swift in Sources */,
				C2A4FB217ADCC5A98ECE11F1 /* Repository.swift in Sources */,
				C2A4FB65AD870E89F0E37D4B /* NetError.swift in Sources */,
				C2A4F0FAD07DBCD05DFBE607 /* JsonUserArrayConverter.swift in Sources */,
				C2A4F331ABB68926A49B4D23 /* UserStringArrayCreator.swift in Sources */,
				C2A4F0C536DB1DB98D45F178 /* Converter.swift in Sources */,
				C2A4FD90261888A8722F5D72 /* ConverterFactory.swift in Sources */,
				C2A4FEE9E73F260B0BAD64FD /* ConverterResolver.swift in Sources */,
				C2A4FD8512A98063156B88F5 /* ConvertationError.swift in Sources */,
				C2A4FAA04918454F915F7B91 /* JsonConverterFactory.swift in Sources */,
			);
			runOnlyForDeploymentPostprocessing = 0;
		};
/* End PBXSourcesBuildPhase section */

/* Begin PBXVariantGroup section */
		B02DD102639215962BD46FFC /* LaunchScreen.storyboard */ = {
			isa = PBXVariantGroup;
			children = (
				B02DD82C1D788ACDE510DDB7 /* Base */,
			);
			name = LaunchScreen.storyboard;
			sourceTree = "<group>";
		};
/* End PBXVariantGroup section */

/* Begin XCBuildConfiguration section */
		B02DD0EDAF9A88C692B4060F /* Release */ = {
			isa = XCBuildConfiguration;
			baseConfigurationReference = CB2FD77860EB19CDDFC55C77 /* Pods-meetlocals.release.xcconfig */;
			buildSettings = {
				ASSETCATALOG_COMPILER_APPICON_NAME = AppIcon;
				ASSETCATALOG_COMPILER_GLOBAL_ACCENT_COLOR_NAME = AccentColor;
				DEVELOPMENT_ASSET_PATHS = "\"meetlocals/Preview Content\"";
				ENABLE_PREVIEWS = YES;
				INFOPLIST_FILE = meetlocals/Info.plist;
				LD_RUNPATH_SEARCH_PATHS = "$(inherited) @executable_path/Frameworks";
				PRODUCT_BUNDLE_IDENTIFIER = mailcourse.meetlocals;
				PRODUCT_NAME = "$(TARGET_NAME)";
				SWIFT_VERSION = 5.0;
				TARGETED_DEVICE_FAMILY = "1,2";
			};
			name = Release;
		};
		B02DD1D1097A12B9455B4ABB /* Release */ = {
			isa = XCBuildConfiguration;
			buildSettings = {
				ALWAYS_SEARCH_USER_PATHS = NO;
				CLANG_ANALYZER_NONNULL = YES;
				CLANG_ANALYZER_NUMBER_OBJECT_CONVERSION = YES_AGGRESSIVE;
				CLANG_CXX_LANGUAGE_STANDARD = "gnu++14";
				CLANG_CXX_LIBRARY = "libc++";
				CLANG_ENABLE_MODULES = YES;
				CLANG_ENABLE_OBJC_ARC = YES;
				CLANG_ENABLE_OBJC_WEAK = YES;
				CLANG_WARN_BLOCK_CAPTURE_AUTORELEASING = YES;
				CLANG_WARN_BOOL_CONVERSION = YES;
				CLANG_WARN_COMMA = YES;
				CLANG_WARN_CONSTANT_CONVERSION = YES;
				CLANG_WARN_DEPRECATED_OBJC_IMPLEMENTATIONS = YES;
				CLANG_WARN_DIRECT_OBJC_ISA_USAGE = YES_ERROR;
				CLANG_WARN_DOCUMENTATION_COMMENTS = YES;
				CLANG_WARN_EMPTY_BODY = YES;
				CLANG_WARN_ENUM_CONVERSION = YES;
				CLANG_WARN_INFINITE_RECURSION = YES;
				CLANG_WARN_INT_CONVERSION = YES;
				CLANG_WARN_NON_LITERAL_NULL_CONVERSION = YES;
				CLANG_WARN_OBJC_IMPLICIT_RETAIN_SELF = YES;
				CLANG_WARN_OBJC_LITERAL_CONVERSION = YES;
				CLANG_WARN_OBJC_ROOT_CLASS = YES_ERROR;
				CLANG_WARN_QUOTED_INCLUDE_IN_FRAMEWORK_HEADER = YES;
				CLANG_WARN_RANGE_LOOP_ANALYSIS = YES;
				CLANG_WARN_STRICT_PROTOTYPES = YES;
				CLANG_WARN_SUSPICIOUS_MOVE = YES;
				CLANG_WARN_UNGUARDED_AVAILABILITY = YES_AGGRESSIVE;
				CLANG_WARN_UNREACHABLE_CODE = YES;
				CLANG_WARN__DUPLICATE_METHOD_MATCH = YES;
				COPY_PHASE_STRIP = NO;
				DEBUG_INFORMATION_FORMAT = "dwarf-with-dsym";
				ENABLE_NS_ASSERTIONS = NO;
				ENABLE_STRICT_OBJC_MSGSEND = YES;
				GCC_C_LANGUAGE_STANDARD = gnu11;
				GCC_NO_COMMON_BLOCKS = YES;
				GCC_WARN_64_TO_32_BIT_CONVERSION = YES;
				GCC_WARN_ABOUT_RETURN_TYPE = YES_ERROR;
				GCC_WARN_UNDECLARED_SELECTOR = YES;
				GCC_WARN_UNINITIALIZED_AUTOS = YES_AGGRESSIVE;
				GCC_WARN_UNUSED_FUNCTION = YES;
				GCC_WARN_UNUSED_VARIABLE = YES;
				IPHONEOS_DEPLOYMENT_TARGET = 14.0;
				MTL_ENABLE_DEBUG_INFO = NO;
				MTL_FAST_MATH = YES;
				SDKROOT = iphoneos;
				SWIFT_OPTIMIZATION_LEVEL = "-Owholemodule";
				VALIDATE_PRODUCT = YES;
			};
			name = Release;
		};
		B02DD3AAE5347974BF2B3DB0 /* Debug */ = {
			isa = XCBuildConfiguration;
			baseConfigurationReference = C58B43E698F5BA7B12B4953C /* Pods-meetlocals.debug.xcconfig */;
			buildSettings = {
				ASSETCATALOG_COMPILER_APPICON_NAME = AppIcon;
				ASSETCATALOG_COMPILER_GLOBAL_ACCENT_COLOR_NAME = AccentColor;
				DEVELOPMENT_ASSET_PATHS = "\"meetlocals/Preview Content\"";
				ENABLE_PREVIEWS = YES;
				INFOPLIST_FILE = meetlocals/Info.plist;
				LD_RUNPATH_SEARCH_PATHS = "$(inherited) @executable_path/Frameworks";
				PRODUCT_BUNDLE_IDENTIFIER = mailcourse.meetlocals;
				PRODUCT_NAME = "$(TARGET_NAME)";
				SWIFT_VERSION = 5.0;
				TARGETED_DEVICE_FAMILY = "1,2";
			};
			name = Debug;
		};
		B02DD65BBCA9B90941E1D49A /* Debug */ = {
			isa = XCBuildConfiguration;
			buildSettings = {
				ALWAYS_SEARCH_USER_PATHS = NO;
				CLANG_ANALYZER_NONNULL = YES;
				CLANG_ANALYZER_NUMBER_OBJECT_CONVERSION = YES_AGGRESSIVE;
				CLANG_CXX_LANGUAGE_STANDARD = "gnu++14";
				CLANG_CXX_LIBRARY = "libc++";
				CLANG_ENABLE_MODULES = YES;
				CLANG_ENABLE_OBJC_ARC = YES;
				CLANG_ENABLE_OBJC_WEAK = YES;
				CLANG_WARN_BLOCK_CAPTURE_AUTORELEASING = YES;
				CLANG_WARN_BOOL_CONVERSION = YES;
				CLANG_WARN_COMMA = YES;
				CLANG_WARN_CONSTANT_CONVERSION = YES;
				CLANG_WARN_DEPRECATED_OBJC_IMPLEMENTATIONS = YES;
				CLANG_WARN_DIRECT_OBJC_ISA_USAGE = YES_ERROR;
				CLANG_WARN_DOCUMENTATION_COMMENTS = YES;
				CLANG_WARN_EMPTY_BODY = YES;
				CLANG_WARN_ENUM_CONVERSION = YES;
				CLANG_WARN_INFINITE_RECURSION = YES;
				CLANG_WARN_INT_CONVERSION = YES;
				CLANG_WARN_NON_LITERAL_NULL_CONVERSION = YES;
				CLANG_WARN_OBJC_IMPLICIT_RETAIN_SELF = YES;
				CLANG_WARN_OBJC_LITERAL_CONVERSION = YES;
				CLANG_WARN_OBJC_ROOT_CLASS = YES_ERROR;
				CLANG_WARN_QUOTED_INCLUDE_IN_FRAMEWORK_HEADER = YES;
				CLANG_WARN_RANGE_LOOP_ANALYSIS = YES;
				CLANG_WARN_STRICT_PROTOTYPES = YES;
				CLANG_WARN_SUSPICIOUS_MOVE = YES;
				CLANG_WARN_UNGUARDED_AVAILABILITY = YES_AGGRESSIVE;
				CLANG_WARN_UNREACHABLE_CODE = YES;
				CLANG_WARN__DUPLICATE_METHOD_MATCH = YES;
				COPY_PHASE_STRIP = NO;
				DEBUG_INFORMATION_FORMAT = dwarf;
				ENABLE_STRICT_OBJC_MSGSEND = YES;
				ENABLE_TESTABILITY = YES;
				GCC_C_LANGUAGE_STANDARD = gnu11;
				GCC_DYNAMIC_NO_PIC = NO;
				GCC_NO_COMMON_BLOCKS = YES;
				GCC_OPTIMIZATION_LEVEL = 0;
				GCC_PREPROCESSOR_DEFINITIONS = (
					"DEBUG=1",
					"$(inherited)",
				);
				GCC_WARN_64_TO_32_BIT_CONVERSION = YES;
				GCC_WARN_ABOUT_RETURN_TYPE = YES_ERROR;
				GCC_WARN_UNDECLARED_SELECTOR = YES;
				GCC_WARN_UNINITIALIZED_AUTOS = YES_AGGRESSIVE;
				GCC_WARN_UNUSED_FUNCTION = YES;
				GCC_WARN_UNUSED_VARIABLE = YES;
				IPHONEOS_DEPLOYMENT_TARGET = 14.0;
				MTL_ENABLE_DEBUG_INFO = INCLUDE_SOURCE;
				MTL_FAST_MATH = YES;
				ONLY_ACTIVE_ARCH = YES;
				SDKROOT = iphoneos;
				SWIFT_ACTIVE_COMPILATION_CONDITIONS = DEBUG;
				SWIFT_OPTIMIZATION_LEVEL = "-Onone";
			};
			name = Debug;
		};
/* End XCBuildConfiguration section */

/* Begin XCConfigurationList section */
		B02DD7E2F7777F9CF9A97010 /* Build configuration list for PBXNativeTarget "meetlocals" */ = {
			isa = XCConfigurationList;
			buildConfigurations = (
				B02DD3AAE5347974BF2B3DB0 /* Debug */,
				B02DD0EDAF9A88C692B4060F /* Release */,
			);
			defaultConfigurationIsVisible = 0;
			defaultConfigurationName = Release;
		};
		B02DDB14A2B5E87D1D624AF4 /* Build configuration list for PBXProject "meetlocals" */ = {
			isa = XCConfigurationList;
			buildConfigurations = (
				B02DD65BBCA9B90941E1D49A /* Debug */,
				B02DD1D1097A12B9455B4ABB /* Release */,
			);
			defaultConfigurationIsVisible = 0;
			defaultConfigurationName = Release;
		};
/* End XCConfigurationList section */
	};
	rootObject = B02DDE810373A58960ACE233 /* Project object */;
}
